# This file is autogenerated, do not edit; changes may be undone by the next 'dep ensure'.


[[projects]]
  name = "github.com/buger/goterm"
  packages = ["."]
  revision = "ef0fa5b75d0fa2b31323463783a6e90353771116"

[solve-meta]
  analyzer-name = "dep"
  analyzer-version = 1
  inputs-digest = "cb92dc4589e9279fefbbc34a831fc2ef9b35ad2aab214a8746c7b5460fa4f7cc"
  solver-name = "gps-cdcl"
  solver-version = 1
